{
  "requires": true,
  "lockfileVersion": 1,
  "dependencies": {
    "@ckeditor/ckeditor5-alignment": {
      "version": "16.0.0",
      "resolved": "https://registry.npmjs.org/@ckeditor/ckeditor5-alignment/-/ckeditor5-alignment-16.0.0.tgz",
      "integrity": "sha512-yf04et0jSZ4Khhzl/t3GXLbsNMTH0qnyvcDDyIXm8Tu4Qec6c6h2xeCWBNp9cz0gab/91bYFtWReKd/swztMtg==",
      "requires": {
        "@ckeditor/ckeditor5-core": "^16.0.0",
        "@ckeditor/ckeditor5-ui": "^16.0.0"
      }
    },
    "@ckeditor/ckeditor5-core": {
      "version": "16.0.0",
      "resolved": "https://registry.npmjs.org/@ckeditor/ckeditor5-core/-/ckeditor5-core-16.0.0.tgz",
      "integrity": "sha512-JKYnoXgfULjfAGRgVmf9/at3gGikfzKwGp4O8RpE3NYGeb/xH6hSgj2mUE9QwqyAY5at1QLnio5ZvU2HiWL4pA==",
      "requires": {
        "@ckeditor/ckeditor5-engine": "^16.0.0",
        "@ckeditor/ckeditor5-utils": "^16.0.0",
        "lodash-es": "^4.17.10"
      }
    },
    "@ckeditor/ckeditor5-engine": {
      "version": "16.0.0",
      "resolved": "https://registry.npmjs.org/@ckeditor/ckeditor5-engine/-/ckeditor5-engine-16.0.0.tgz",
      "integrity": "sha512-2p0DT/1B+UyVAwNkkaNaG4wGkrR0TNQuPJ1c5TEMWb9NVk3mhIOJ+6lPVl0ApP3tmMALol+pLmXLX5aht6Ewnw==",
      "requires": {
        "@ckeditor/ckeditor5-utils": "^16.0.0",
        "lodash-es": "^4.17.10"
      }
    },
    "@ckeditor/ckeditor5-font": {
      "version": "16.0.0",
      "resolved": "https://registry.npmjs.org/@ckeditor/ckeditor5-font/-/ckeditor5-font-16.0.0.tgz",
      "integrity": "sha512-ZM7ZBew5k06DILQecBJH4Z+pTOomHOTXhKwdIvtwx7MguY2QIJwMI1Zmx+VrnsSo/fAGv1sIhpAvoLYzhlYpTw==",
      "requires": {
        "@ckeditor/ckeditor5-core": "^16.0.0",
        "@ckeditor/ckeditor5-ui": "^16.0.0",
        "@ckeditor/ckeditor5-utils": "^16.0.0"
      }
    },
    "@ckeditor/ckeditor5-horizontal-line": {
      "version": "16.0.0",
      "resolved": "https://registry.npmjs.org/@ckeditor/ckeditor5-horizontal-line/-/ckeditor5-horizontal-line-16.0.0.tgz",
      "integrity": "sha512-8S67caqOMASE4qfgus/ZDiX850yAT87RHxpy2dzXdYXwRMDmkV2GcaS5o12jaR0zu2IoU6RvyOw9NL+yN6Cihg==",
      "requires": {
        "@ckeditor/ckeditor5-core": "^16.0.0",
        "@ckeditor/ckeditor5-ui": "^16.0.0",
        "@ckeditor/ckeditor5-widget": "^16.0.0"
      }
    },
    "@ckeditor/ckeditor5-remove-format": {
      "version": "16.0.0",
      "resolved": "https://registry.npmjs.org/@ckeditor/ckeditor5-remove-format/-/ckeditor5-remove-format-16.0.0.tgz",
      "integrity": "sha512-cX9eIY2SnvDHOA4Be0mzkZUbHT5dGZ/ybaaErVhU9wXV0NuHe2Gf5WHRy3Sx6fpSqHUtd3r7SRff7Kywap4wog==",
      "requires": {
        "@ckeditor/ckeditor5-core": "^16.0.0",
        "@ckeditor/ckeditor5-ui": "^16.0.0",
        "@ckeditor/ckeditor5-utils": "^16.0.0",
        "eslint-plugin-ckeditor5-rules": "^0.0.2"
      }
    },
    "@ckeditor/ckeditor5-ui": {
      "version": "16.0.0",
      "resolved": "https://registry.npmjs.org/@ckeditor/ckeditor5-ui/-/ckeditor5-ui-16.0.0.tgz",
      "integrity": "sha512-7mwIRajaN9Mf6S5ZkqWAOt/Rqy6GNS3WxhwaayMym7b1XI4oVIrxEKoun3DoKnKp3bTBMcWdQFJfsRvja2X2hA==",
      "requires": {
        "@ckeditor/ckeditor5-core": "^16.0.0",
        "@ckeditor/ckeditor5-utils": "^16.0.0",
        "lodash-es": "^4.17.10"
      }
    },
    "@ckeditor/ckeditor5-upload": {
      "version": "16.0.0",
      "resolved": "https://registry.npmjs.org/@ckeditor/ckeditor5-upload/-/ckeditor5-upload-16.0.0.tgz",
      "integrity": "sha512-GjOENKi53TLeV0+zRIuPabMchDTeOMcgTwV4I0VKHrEbPY4YmVbdoz3BO8KpGhA9/KK7se/JR59yHTviPgbFNA==",
      "requires": {
        "@ckeditor/ckeditor5-core": "^16.0.0",
        "@ckeditor/ckeditor5-ui": "^16.0.0",
        "@ckeditor/ckeditor5-utils": "^16.0.0"
      }
    },
    "@ckeditor/ckeditor5-utils": {
      "version": "16.0.0",
      "resolved": "https://registry.npmjs.org/@ckeditor/ckeditor5-utils/-/ckeditor5-utils-16.0.0.tgz",
      "integrity": "sha512-EMrKmVmxfyuttGlbZI0eK7stYigbo2kFCasN0m2apg/Pn4Dwil0pennWuJ964zvZ8te1Pyt33cweQZlYzSqvYQ==",
      "requires": {
        "lodash-es": "^4.17.10"
      }
    },
    "@ckeditor/ckeditor5-widget": {
      "version": "16.0.0",
      "resolved": "https://registry.npmjs.org/@ckeditor/ckeditor5-widget/-/ckeditor5-widget-16.0.0.tgz",
      "integrity": "sha512-QZMRRJMAZnD3TtrobcwW/6XBQDk9RslIVux08y5YaALNtwKhTNADzB0FljDjANa+BbVQSV/z9AtGpGpSwCSY9w==",
      "requires": {
        "@ckeditor/ckeditor5-core": "^16.0.0",
        "@ckeditor/ckeditor5-engine": "^16.0.0",
        "@ckeditor/ckeditor5-ui": "^16.0.0",
        "@ckeditor/ckeditor5-utils": "^16.0.0",
        "lodash-es": "^4.17.10"
      }
    },
    "@ckeditor/ckeditor5-word-count": {
      "version": "16.0.0",
      "resolved": "https://registry.npmjs.org/@ckeditor/ckeditor5-word-count/-/ckeditor5-word-count-16.0.0.tgz",
      "integrity": "sha512-3nYuHdFPMe8mRApPbcddnJ+3yL1I8msRqkjs6MK9q+movUF5GmsXqh9cZBEobZ/s1LxXa72GkwQM4K1ESd0EbQ==",
      "requires": {
        "@ckeditor/ckeditor5-core": "^16.0.0",
        "@ckeditor/ckeditor5-ui": "^16.0.0",
        "lodash-es": "^4.17.10"
      }
    },
    "ckeditor5-build-classic-all-plugin": {
      "version": "16.0.6",
      "resolved": "https://registry.npmjs.org/ckeditor5-build-classic-all-plugin/-/ckeditor5-build-classic-all-plugin-16.0.6.tgz",
      "integrity": "sha512-znAS+ikie6FBzow6wLqpbgPfyPacjDOVQ8cKCFfGIhVlWqgpzK9OuIUGHy5rDa5dFZ0XmOLVH+LIqEUn4R6vpA==",
      "requires": {
        "@ckeditor/ckeditor5-alignment": "^16.0.0",
        "@ckeditor/ckeditor5-font": "^16.0.0",
        "@ckeditor/ckeditor5-horizontal-line": "^16.0.0",
        "@ckeditor/ckeditor5-remove-format": "^16.0.0",
        "@ckeditor/ckeditor5-upload": "^16.0.0",
        "@ckeditor/ckeditor5-word-count": "^16.0.0"
      }
    },
    "eslint-plugin-ckeditor5-rules": {
      "version": "0.0.2",
      "resolved": "https://registry.npmjs.org/eslint-plugin-ckeditor5-rules/-/eslint-plugin-ckeditor5-rules-0.0.2.tgz",
      "integrity": "sha512-bV8w34pQcn1IyfdW1IEgfKuc1/hkTYpLo1DglRp1v4a2ph03PkMjN7vZ6FDrmu5ImVDJsd9022j5waA//MeyKg=="
    },
    "lodash-es": {
      "version": "4.17.21",
      "resolved": "https://registry.npmjs.org/lodash-es/-/lodash-es-4.17.21.tgz",
      "integrity": "sha512-mKnC+QJ9pWVzv+C4/U3rRsHapFfHvQFoFB92e52xeyGMcX6/OlIl78je1u8vePzYZSkkogMPJ2yjxxsb89cxyw=="
    }
  }
}
